github.com/gomvs/d v1.4.0 h1:xduPWlLFlzhUmvH6yQFKg16GB00aELQoHLEDc9XY+9M=
github.com/gomvs/d v1.4.0/go.mod h1:SDVjt9UMu3XgyojYwsP26gu5tcmR4QBokdikHMtEvO8=
github.com/gomvs/e v1.2.0 h1:NEeLU5CZousl5pv6Y8Bo7+uDyZnPCVihv5Ba4kGpJUQ=
github.com/gomvs/e v1.2.0/go.mod h1:16yvEsYPRgns7cpdfRc084oi+gUN4IwtGzAhBPDo++w=
