github.com/gomvs/f v1.1.0 h1:NGjasEsu70YsCVn9XVplyMj/n2JzIar3Oxx1R1+b1j8=
github.com/gomvs/f v1.1.0/go.mod h1:AEDu3vI2Z+xfpPTEgKcR3x5DnjlxEa2rGBGFQK8EzIM=
github.com/gomvs/g v1.1.0 h1:msWfYQUIBHXWQUJ+0971cNPIO55uRHYuiggAAnuuxcQ=
github.com/gomvs/g v1.1.0/go.mod h1:yNedjnhVNGxL82s6Vyk/zpkK1x5Szcuce9VAQ04JmJs=
